
Microsoft Visual Studio Solution File, Format Version 12.00
# Visual Studio Version 17
VisualStudioVersion = 17.11.35222.181
MinimumVisualStudioVersion = 10.0.40219.1
Project("{FAE04EC0-301F-11D3-BF4B-00C04F79EFBC}") = "Training", "Training.csproj", "{296116AD-3077-4244-9C1F-1F40B96887E8}"
EndProject
Global
	GlobalSection(SolutionConfigurationPlatforms) = preSolution
		Debug|Any CPU = Debug|Any CPU
		Release|Any CPU = Release|Any CPU
	EndGlobalSection
	GlobalSection(ProjectConfigurationPlatforms) = postSolution
		{296116AD-3077-4244-9C1F-1F40B96887E8}.Debug|Any CPU.ActiveCfg = Debug|Any CPU
		{296116AD-3077-4244-9C1F-1F40B96887E8}.Debug|Any CPU.Build.0 = Debug|Any CPU
		{296116AD-3077-4244-9C1F-1F40B96887E8}.Release|Any CPU.ActiveCfg = Release|Any CPU
		{296116AD-3077-4244-9C1F-1F40B96887E8}.Release|Any CPU.Build.0 = Release|Any CPU
	EndGlobalSection
	GlobalSection(SolutionProperties) = preSolution
		HideSolutionNode = FALSE
	EndGlobalSection
	GlobalSection(ExtensibilityGlobals) = postSolution
		SolutionGuid = {122868E4-C686-4074-92C6-9F91F56B253F}
	EndGlobalSection
EndGlobal
